// !$*UTF8*$!
{
	archiveVersion = 1;
	classes = {
	};
	objectVersion = 46;
	objects = {

/* Begin PBXBuildFile section */
		CC43C5D71CE890360008C469 /* AppDelegate.swift in Sources */ = {isa = PBXBuildFile; fileRef = CC43C5D61CE890360008C469 /* AppDelegate.swift */; };
		CC43C5D91CE890360008C469 /* FirstViewController.swift in Sources */ = {isa = PBXBuildFile; fileRef = CC43C5D81CE890360008C469 /* FirstViewController.swift */; };
		CC43C5DB1CE890360008C469 /* LocationVC.swift in Sources */ = {isa = PBXBuildFile; fileRef = CC43C5DA1CE890360008C469 /* LocationVC.swift */; };
		CC43C5DE1CE890360008C469 /* Main.storyboard in Resources */ = {isa = PBXBuildFile; fileRef = CC43C5DC1CE890360008C469 /* Main.storyboard */; };
		CC43C5E01CE890360008C469 /* Assets.xcassets in Resources */ = {isa = PBXBuildFile; fileRef = CC43C5DF1CE890360008C469 /* Assets.xcassets */; };
		CC43C5E31CE890360008C469 /* LaunchScreen.storyboard in Resources */ = {isa = PBXBuildFile; fileRef = CC43C5E11CE890360008C469 /* LaunchScreen.storyboard */; };
		CC43C5EE1CE890370008C469 /* dev_bootcamp_mapsTests.swift in Sources */ = {isa = PBXBuildFile; fileRef = CC43C5ED1CE890370008C469 /* dev_bootcamp_mapsTests.swift */; };
		CC43C5F91CE890370008C469 /* dev_bootcamp_mapsUITests.swift in Sources */ = {isa = PBXBuildFile; fileRef = CC43C5F81CE890370008C469 /* dev_bootcamp_mapsUITests.swift */; };
		CC43C6071CE8A7A50008C469 /* BootcampAnnotation.swift in Sources */ = {isa = PBXBuildFile; fileRef = CC43C6061CE8A7A50008C469 /* BootcampAnnotation.swift */; };
/* End PBXBuildFile section */

/* Begin PBXContainerItemProxy section */
		CC43C5EA1CE890370008C469 /* PBXContainerItemProxy */ = {
			isa = PBXContainerItemProxy;
			containerPortal = CC43C5CB1CE890360008C469 /* Project object */;
			proxyType = 1;
			remoteGlobalIDString = CC43C5D21CE890360008C469;
			remoteInfo = "dev-bootcamp-maps";
		};
		CC43C5F51CE890370008C469 /* PBXContainerItemProxy */ = {
			isa = PBXContainerItemProxy;
			containerPortal = CC43C5CB1CE890360008C469 /* Project object */;
			proxyType = 1;
			remoteGlobalIDString = CC43C5D21CE890360008C469;
			remoteInfo = "dev-bootcamp-maps";
		};
/* End PBXContainerItemProxy section */

/* Begin PBXFileReference section */
		CC43C5D31CE890360008C469 /* dev-bootcamp-maps.app */ = {isa = PBXFileReference; explicitFileType = wrapper.application; includeInIndex = 0; path = "dev-bootcamp-maps.app"; sourceTree = BUILT_PRODUCTS_DIR; };
		CC43C5D61CE890360008C469 /* AppDelegate.swift */ = {isa = PBXFileReference; lastKnownFileType = sourcecode.swift; path = AppDelegate.swift; sourceTree = "<group>"; };
		CC43C5D81CE890360008C469 /* FirstViewController.swift */ = {isa = PBXFileReference; lastKnownFileType = sourcecode.swift; path = FirstViewController.swift; sourceTree = "<group>"; };
		CC43C5DA1CE890360008C469 /* LocationVC.swift */ = {isa = PBXFileReference; lastKnownFileType = sourcecode.swift; path = LocationVC.swift; sourceTree = "<group>"; };
		CC43C5DD1CE890360008C469 /* Base */ = {isa = PBXFileReference; lastKnownFileType = file.storyboard; name = Base; path = Base.lproj/Main.storyboard; sourceTree = "<group>"; };
		CC43C5DF1CE890360008C469 /* Assets.xcassets */ = {isa = PBXFileReference; lastKnownFileType = folder.assetcatalog; path = Assets.xcassets; sourceTree = "<group>"; };
		CC43C5E21CE890360008C469 /* Base */ = {isa = PBXFileReference; lastKnownFileType = file.storyboard; name = Base; path = Base.lproj/LaunchScreen.storyboard; sourceTree = "<group>"; };
		CC43C5E41CE890360008C469 /* Info.plist */ = {isa = PBXFileReference; lastKnownFileType = text.plist.xml; path = Info.plist; sourceTree = "<group>"; };
		CC43C5E91CE890370008C469 /* dev-bootcamp-mapsTests.xctest */ = {isa = PBXFileReference; explicitFileType = wrapper.cfbundle; includeInIndex = 0; path = "dev-bootcamp-mapsTests.xctest"; sourceTree = BUILT_PRODUCTS_DIR; };
		CC43C5ED1CE890370008C469 /* dev_bootcamp_mapsTests.swift */ = {isa = PBXFileReference; lastKnownFileType = sourcecode.swift; path = dev_bootcamp_mapsTests.swift; sourceTree = "<group>"; };
		CC43C5EF1CE890370008C469 /* Info.plist */ = {isa = PBXFileReference; lastKnownFileType = text.plist.xml; path = Info.plist; sourceTree = "<group>"; };
		CC43C5F41CE890370008C469 /* dev-bootcamp-mapsUITests.xctest */ = {isa = PBXFileReference; explicitFileType = wrapper.cfbundle; includeInIndex = 0; path = "dev-bootcamp-mapsUITests.xctest"; sourceTree = BUILT_PRODUCTS_DIR; };
		CC43C5F81CE890370008C469 /* dev_bootcamp_mapsUITests.swift */ = {isa = PBXFileReference; lastKnownFileType = sourcecode.swift; path = dev_bootcamp_mapsUITests.swift; sourceTree = "<group>"; };
		CC43C5FA1CE890370008C469 /* Info.plist */ = {isa = PBXFileReference; lastKnownFileType = text.plist.xml; path = Info.plist; sourceTree = "<group>"; };
		CC43C6061CE8A7A50008C469 /* BootcampAnnotation.swift */ = {isa = PBXFileReference; fileEncoding = 4; lastKnownFileType = sourcecode.swift; path = BootcampAnnotation.swift; sourceTree = "<group>"; };
/* End PBXFileReference section */

/* Begin PBXFrameworksBuildPhase section */
		CC43C5D01CE890360008C469 /* Frameworks */ = {
			isa = PBXFrameworksBuildPhase;
			buildActionMask = 2147483647;
			files = (
			);
			runOnlyForDeploymentPostprocessing = 0;
		};
		CC43C5E61CE890370008C469 /* Frameworks */ = {
			isa = PBXFrameworksBuildPhase;
			buildActionMask = 2147483647;
			files = (
			);
			runOnlyForDeploymentPostprocessing = 0;
		};
		CC43C5F11CE890370008C469 /* Frameworks */ = {
			isa = PBXFrameworksBuildPhase;
			buildActionMask = 2147483647;
			files = (
			);
			runOnlyForDeploymentPostprocessing = 0;
		};
/* End PBXFrameworksBuildPhase section */

/* Begin PBXGroup section */
		CC43C5CA1CE890360008C469 = {
			isa = PBXGroup;
			children = (
				CC43C5D51CE890360008C469 /* dev-bootcamp-maps */,
				CC43C5EC1CE890370008C469 /* dev-bootcamp-mapsTests */,
				CC43C5F71CE890370008C469 /* dev-bootcamp-mapsUITests */,
				CC43C5D41CE890360008C469 /* Products */,
			);
			sourceTree = "<group>";
		};
		CC43C5D41CE890360008C469 /* Products */ = {
			isa = PBXGroup;
			children = (
				CC43C5D31CE890360008C469 /* dev-bootcamp-maps.app */,
				CC43C5E91CE890370008C469 /* dev-bootcamp-mapsTests.xctest */,
				CC43C5F41CE890370008C469 /* dev-bootcamp-mapsUITests.xctest */,
			);
			name = Products;
			sourceTree = "<group>";
		};
		CC43C5D51CE890360008C469 /* dev-bootcamp-maps */ = {
			isa = PBXGroup;
			children = (
				CC43C5D61CE890360008C469 /* AppDelegate.swift */,
				CC43C5D81CE890360008C469 /* FirstViewController.swift */,
				CC43C5DA1CE890360008C469 /* LocationVC.swift */,
				CC43C6061CE8A7A50008C469 /* BootcampAnnotation.swift */,
				CC43C5DC1CE890360008C469 /* Main.storyboard */,
				CC43C5DF1CE890360008C469 /* Assets.xcassets */,
				CC43C5E11CE890360008C469 /* LaunchScreen.storyboard */,
				CC43C5E41CE890360008C469 /* Info.plist */,
			);
			path = "dev-bootcamp-maps";
			sourceTree = "<group>";
		};
		CC43C5EC1CE890370008C469 /* dev-bootcamp-mapsTests */ = {
			isa = PBXGroup;
			children = (
				CC43C5ED1CE890370008C469 /* dev_bootcamp_mapsTests.swift */,
				CC43C5EF1CE890370008C469 /* Info.plist */,
			);
			path = "dev-bootcamp-mapsTests";
			sourceTree = "<group>";
		};
		CC43C5F71CE890370008C469 /* dev-bootcamp-mapsUITests */ = {
			isa = PBXGroup;
			children = (
				CC43C5F81CE890370008C469 /* dev_bootcamp_mapsUITests.swift */,
				CC43C5FA1CE890370008C469 /* Info.plist */,
			);
			path = "dev-bootcamp-mapsUITests";
			sourceTree = "<group>";
		};
/* End PBXGroup section */

/* Begin PBXNativeTarget section */
		CC43C5D21CE890360008C469 /* dev-bootcamp-maps */ = {
			isa = PBXNativeTarget;
			buildConfigurationList = CC43C5FD1CE890370008C469 /* Build configuration list for PBXNativeTarget "dev-bootcamp-maps" */;
			buildPhases = (
				CC43C5CF1CE890360008C469 /* Sources */,
				CC43C5D01CE890360008C469 /* Frameworks */,
				CC43C5D11CE890360008C469 /* Resources */,
			);
			buildRules = (
			);
			dependencies = (
			);
			name = "dev-bootcamp-maps";
			productName = "dev-bootcamp-maps";
			productReference = CC43C5D31CE890360008C469 /* dev-bootcamp-maps.app */;
			productType = "com.apple.product-type.application";
		};
		CC43C5E81CE890370008C469 /* dev-bootcamp-mapsTests */ = {
			isa = PBXNativeTarget;
			buildConfigurationList = CC43C6001CE890370008C469 /* Build configuration list for PBXNativeTarget "dev-bootcamp-mapsTests" */;
			buildPhases = (
				CC43C5E51CE890370008C469 /* Sources */,
				CC43C5E61CE890370008C469 /* Frameworks */,
				CC43C5E71CE890370008C469 /* Resources */,
			);
			buildRules = (
			);
			dependencies = (
				CC43C5EB1CE890370008C469 /* PBXTargetDependency */,
			);
			name = "dev-bootcamp-mapsTests";
			productName = "dev-bootcamp-mapsTests";
			productReference = CC43C5E91CE890370008C469 /* dev-bootcamp-mapsTests.xctest */;
			productType = "com.apple.product-type.bundle.unit-test";
		};
		CC43C5F31CE890370008C469 /* dev-bootcamp-mapsUITests */ = {
			isa = PBXNativeTarget;
			buildConfigurationList = CC43C6031CE890370008C469 /* Build configuration list for PBXNativeTarget "dev-bootcamp-mapsUITests" */;
			buildPhases = (
				CC43C5F01CE890370008C469 /* Sources */,
				CC43C5F11CE890370008C469 /* Frameworks */,
				CC43C5F21CE890370008C469 /* Resources */,
			);
			buildRules = (
			);
			dependencies = (
				CC43C5F61CE890370008C469 /* PBXTargetDependency */,
			);
			name = "dev-bootcamp-mapsUITests";
			productName = "dev-bootcamp-mapsUITests";
			productReference = CC43C5F41CE890370008C469 /* dev-bootcamp-mapsUITests.xctest */;
			productType = "com.apple.product-type.bundle.ui-testing";
		};
/* End PBXNativeTarget section */

/* Begin PBXProject section */
		CC43C5CB1CE890360008C469 /* Project object */ = {
			isa = PBXProject;
			attributes = {
				LastSwiftUpdateCheck = 0730;
				LastUpgradeCheck = 0730;
				ORGANIZATIONNAME = Bartosz;
				TargetAttributes = {
					CC43C5D21CE890360008C469 = {
						CreatedOnToolsVersion = 7.3.1;
						DevelopmentTeam = 75QTQ5WC99;
					};
					CC43C5E81CE890370008C469 = {
						CreatedOnToolsVersion = 7.3.1;
						DevelopmentTeam = 75QTQ5WC99;
						TestTargetID = CC43C5D21CE890360008C469;
					};
					CC43C5F31CE890370008C469 = {
						CreatedOnToolsVersion = 7.3.1;
						DevelopmentTeam = 75QTQ5WC99;
						TestTargetID = CC43C5D21CE890360008C469;
					};
				};
			};
			buildConfigurationList = CC43C5CE1CE890360008C469 /* Build configuration list for PBXProject "dev-bootcamp-maps" */;
			compatibilityVersion = "Xcode 3.2";
			developmentRegion = English;
			hasScannedForEncodings = 0;
			knownRegions = (
				en,
				Base,
			);
			mainGroup = CC43C5CA1CE890360008C469;
			productRefGroup = CC43C5D41CE890360008C469 /* Products */;
			projectDirPath = "";
			projectRoot = "";
			targets = (
				CC43C5D21CE890360008C469 /* dev-bootcamp-maps */,
				CC43C5E81CE890370008C469 /* dev-bootcamp-mapsTests */,
				CC43C5F31CE890370008C469 /* dev-bootcamp-mapsUITests */,
			);
		};
/* End PBXProject section */

/* Begin PBXResourcesBuildPhase section */
		CC43C5D11CE890360008C469 /* Resources */ = {
			isa = PBXResourcesBuildPhase;
			buildActionMask = 2147483647;
			files = (
				CC43C5E31CE890360008C469 /* LaunchScreen.storyboard in Resources */,
				CC43C5E01CE890360008C469 /* Assets.xcassets in Resources */,
				CC43C5DE1CE890360008C469 /* Main.storyboard in Resources */,
			);
			runOnlyForDeploymentPostprocessing = 0;
		};
		CC43C5E71CE890370008C469 /* Resources */ = {
			isa = PBXResourcesBuildPhase;
			buildActionMask = 2147483647;
			files = (
			);
			runOnlyForDeploymentPostprocessing = 0;
		};
		CC43C5F21CE890370008C469 /* Resources */ = {
			isa = PBXResourcesBuildPhase;
			buildActionMask = 2147483647;
			files = (
			);
			runOnlyForDeploymentPostprocessing = 0;
		};
/* End PBXResourcesBuildPhase section */

/* Begin PBXSourcesBuildPhase section */
		CC43C5CF1CE890360008C469 /* Sources */ = {
			isa = PBXSourcesBuildPhase;
			buildActionMask = 2147483647;
			files = (
				CC43C5DB1CE890360008C469 /* LocationVC.swift in Sources */,
				CC43C5D71CE890360008C469 /* AppDelegate.swift in Sources */,
				CC43C5D91CE890360008C469 /* FirstViewController.swift in Sources */,
				CC43C6071CE8A7A50008C469 /* BootcampAnnotation.swift in Sources */,
			);
			runOnlyForDeploymentPostprocessing = 0;
		};
		CC43C5E51CE890370008C469 /* Sources */ = {
			isa = PBXSourcesBuildPhase;
			buildActionMask = 2147483647;
			files = (
				CC43C5EE1CE890370008C469 /* dev_bootcamp_mapsTests.swift in Sources */,
			);
			runOnlyForDeploymentPostprocessing = 0;
		};
		CC43C5F01CE890370008C469 /* Sources */ = {
			isa = PBXSourcesBuildPhase;
			buildActionMask = 2147483647;
			files = (
				CC43C5F91CE890370008C469 /* dev_bootcamp_mapsUITests.swift in Sources */,
			);
			runOnlyForDeploymentPostprocessing = 0;
		};
/* End PBXSourcesBuildPhase section */

/* Begin PBXTargetDependency section */
		CC43C5EB1CE890370008C469 /* PBXTargetDependency */ = {
			isa = PBXTargetDependency;
			target = CC43C5D21CE890360008C469 /* dev-bootcamp-maps */;
			targetProxy = CC43C5EA1CE890370008C469 /* PBXContainerItemProxy */;
		};
		CC43C5F61CE890370008C469 /* PBXTargetDependency */ = {
			isa = PBXTargetDependency;
			target = CC43C5D21CE890360008C469 /* dev-bootcamp-maps */;
			targetProxy = CC43C5F51CE890370008C469 /* PBXContainerItemProxy */;
		};
/* End PBXTargetDependency section */

/* Begin PBXVariantGroup section */
		CC43C5DC1CE890360008C469 /* Main.storyboard */ = {
			isa = PBXVariantGroup;
			children = (
				CC43C5DD1CE890360008C469 /* Base */,
			);
			name = Main.storyboard;
			sourceTree = "<group>";
		};
		CC43C5E11CE890360008C469 /* LaunchScreen.storyboard */ = {
			isa = PBXVariantGroup;
			children = (
				CC43C5E21CE890360008C469 /* Base */,
			);
			name = LaunchScreen.storyboard;
			sourceTree = "<group>";
		};
/* End PBXVariantGroup section */

/* Begin XCBuildConfiguration section */
		CC43C5FB1CE890370008C469 /* Debug */ = {
			isa = XCBuildConfiguration;
			buildSettings = {
				ALWAYS_SEARCH_USER_PATHS = NO;
				CLANG_ANALYZER_NONNULL = YES;
				CLANG_CXX_LANGUAGE_STANDARD = "gnu++0x";
				CLANG_CXX_LIBRARY = "libc++";
				CLANG_ENABLE_MODULES = YES;
				CLANG_ENABLE_OBJC_ARC = YES;
				CLANG_WARN_BOOL_CONVERSION = YES;
				CLANG_WARN_CONSTANT_CONVERSION = YES;
				CLANG_WARN_DIRECT_OBJC_ISA_USAGE = YES_ERROR;
				CLANG_WARN_EMPTY_BODY = YES;
				CLANG_WARN_ENUM_CONVERSION = YES;
				CLANG_WARN_INT_CONVERSION = YES;
				CLANG_WARN_OBJC_ROOT_CLASS = YES_ERROR;
				CLANG_WARN_UNREACHABLE_CODE = YES;
				CLANG_WARN__DUPLICATE_METHOD_MATCH = YES;
				"CODE_SIGN_IDENTITY[sdk=iphoneos*]" = "iPhone Developer";
				COPY_PHASE_STRIP = NO;
				DEBUG_INFORMATION_FORMAT = dwarf;
				ENABLE_STRICT_OBJC_MSGSEND = YES;
				ENABLE_TESTABILITY = YES;
				GCC_C_LANGUAGE_STANDARD = gnu99;
				GCC_DYNAMIC_NO_PIC = NO;
				GCC_NO_COMMON_BLOCKS = YES;
				GCC_OPTIMIZATION_LEVEL = 0;
				GCC_PREPROCESSOR_DEFINITIONS = (
					"DEBUG=1",
					"$(inherited)",
				);
				GCC_WARN_64_TO_32_BIT_CONVERSION = YES;
				GCC_WARN_ABOUT_RETURN_TYPE = YES_ERROR;
				GCC_WARN_UNDECLARED_SELECTOR = YES;
				GCC_WARN_UNINITIALIZED_AUTOS = YES_AGGRESSIVE;
				GCC_WARN_UNUSED_FUNCTION = YES;
				GCC_WARN_UNUSED_VARIABLE = YES;
				IPHONEOS_DEPLOYMENT_TARGET = 9.3;
				MTL_ENABLE_DEBUG_INFO = YES;
				ONLY_ACTIVE_ARCH = YES;
				SDKROOT = iphoneos;
				SWIFT_OPTIMIZATION_LEVEL = "-Onone";
				TARGETED_DEVICE_FAMILY = "1,2";
			};
			name = Debug;
		};
		CC43C5FC1CE890370008C469 /* Release */ = {
			isa = XCBuildConfiguration;
			buildSettings = {
				ALWAYS_SEARCH_USER_PATHS = NO;
				CLANG_ANALYZER_NONNULL = YES;
				CLANG_CXX_LANGUAGE_STANDARD = "gnu++0x";
				CLANG_CXX_LIBRARY = "libc++";
				CLANG_ENABLE_MODULES = YES;
				CLANG_ENABLE_OBJC_ARC = YES;
				CLANG_WARN_BOOL_CONVERSION = YES;
				CLANG_WARN_CONSTANT_CONVERSION = YES;
				CLANG_WARN_DIRECT_OBJC_ISA_USAGE = YES_ERROR;
				CLANG_WARN_EMPTY_BODY = YES;
				CLANG_WARN_ENUM_CONVERSION = YES;
				CLANG_WARN_INT_CONVERSION = YES;
				CLANG_WARN_OBJC_ROOT_CLASS = YES_ERROR;
				CLANG_WARN_UNREACHABLE_CODE = YES;
				CLANG_WARN__DUPLICATE_METHOD_MATCH = YES;
				"CODE_SIGN_IDENTITY[sdk=iphoneos*]" = "iPhone Developer";
				COPY_PHASE_STRIP = NO;
				DEBUG_INFORMATION_FORMAT = "dwarf-with-dsym";
				ENABLE_NS_ASSERTIONS = NO;
				ENABLE_STRICT_OBJC_MSGSEND = YES;
				GCC_C_LANGUAGE_STANDARD = gnu99;
				GCC_NO_COMMON_BLOCKS = YES;
				GCC_WARN_64_TO_32_BIT_CONVERSION = YES;
				GCC_WARN_ABOUT_RETURN_TYPE = YES_ERROR;
				GCC_WARN_UNDECLARED_SELECTOR = YES;
				GCC_WARN_UNINITIALIZED_AUTOS = YES_AGGRESSIVE;
				GCC_WARN_UNUSED_FUNCTION = YES;
				GCC_WARN_UNUSED_VARIABLE = YES;
				IPHONEOS_DEPLOYMENT_TARGET = 9.3;
				MTL_ENABLE_DEBUG_INFO = NO;
				SDKROOT = iphoneos;
				TARGETED_DEVICE_FAMILY = "1,2";
				VALIDATE_PRODUCT = YES;
			};
			name = Release;
		};
		CC43C5FE1CE890370008C469 /* Debug */ = {
			isa = XCBuildConfiguration;
			buildSettings = {
				ASSETCATALOG_COMPILER_APPICON_NAME = AppIcon;
				INFOPLIST_FILE = "dev-bootcamp-maps/Info.plist";
				LD_RUNPATH_SEARCH_PATHS = "$(inherited) @executable_path/Frameworks";
				PRODUCT_BUNDLE_IDENTIFIER = "com.bartosz.dev-bootcamp-maps";
				PRODUCT_NAME = "$(TARGET_NAME)";
			};
			name = Debug;
		};
		CC43C5FF1CE890370008C469 /* Release */ = {
			isa = XCBuildConfiguration;
			buildSettings = {
				ASSETCATALOG_COMPILER_APPICON_NAME = AppIcon;
				INFOPLIST_FILE = "dev-bootcamp-maps/Info.plist";
				LD_RUNPATH_SEARCH_PATHS = "$(inherited) @executable_path/Frameworks";
				PRODUCT_BUNDLE_IDENTIFIER = "com.bartosz.dev-bootcamp-maps";
				PRODUCT_NAME = "$(TARGET_NAME)";
			};
			name = Release;
		};
		CC43C6011CE890370008C469 /* Debug */ = {
			isa = XCBuildConfiguration;
			buildSettings = {
				BUNDLE_LOADER = "$(TEST_HOST)";
				INFOPLIST_FILE = "dev-bootcamp-mapsTests/Info.plist";
				LD_RUNPATH_SEARCH_PATHS = "$(inherited) @executable_path/Frameworks @loader_path/Frameworks";
				PRODUCT_BUNDLE_IDENTIFIER = "com.bartosz.dev-bootcamp-mapsTests";
				PRODUCT_NAME = "$(TARGET_NAME)";
				TEST_HOST = "$(BUILT_PRODUCTS_DIR)/dev-bootcamp-maps.app/dev-bootcamp-maps";
			};
			name = Debug;
		};
		CC43C6021CE890370008C469 /* Release */ = {
			isa = XCBuildConfiguration;
			buildSettings = {
				BUNDLE_LOADER = "$(TEST_HOST)";
				INFOPLIST_FILE = "dev-bootcamp-mapsTests/Info.plist";
				LD_RUNPATH_SEARCH_PATHS = "$(inherited) @executable_path/Frameworks @loader_path/Frameworks";
				PRODUCT_BUNDLE_IDENTIFIER = "com.bartosz.dev-bootcamp-mapsTests";
				PRODUCT_NAME = "$(TARGET_NAME)";
				TEST_HOST = "$(BUILT_PRODUCTS_DIR)/dev-bootcamp-maps.app/dev-bootcamp-maps";
			};
			name = Release;
		};
		CC43C6041CE890370008C469 /* Debug */ = {
			isa = XCBuildConfiguration;
			buildSettings = {
				INFOPLIST_FILE = "dev-bootcamp-mapsUITests/Info.plist";
				LD_RUNPATH_SEARCH_PATHS = "$(inherited) @executable_path/Frameworks @loader_path/Frameworks";
				PRODUCT_BUNDLE_IDENTIFIER = "com.bartosz.dev-bootcamp-mapsUITests";
				PRODUCT_NAME = "$(TARGET_NAME)";
				TEST_TARGET_NAME = "dev-bootcamp-maps";
			};
			name = Debug;
		};
		CC43C6051CE890370008C469 /* Release */ = {
			isa = XCBuildConfiguration;
			buildSettings = {
				INFOPLIST_FILE = "dev-bootcamp-mapsUITests/Info.plist";
				LD_RUNPATH_SEARCH_PATHS = "$(inherited) @executable_path/Frameworks @loader_path/Frameworks";
				PRODUCT_BUNDLE_IDENTIFIER = "com.bartosz.dev-bootcamp-mapsUITests";
				PRODUCT_NAME = "$(TARGET_NAME)";
				TEST_TARGET_NAME = "dev-bootcamp-maps";
			};
			name = Release;
		};
/* End XCBuildConfiguration section */

/* Begin XCConfigurationList section */
		CC43C5CE1CE890360008C469 /* Build configuration list for PBXProject "dev-bootcamp-maps" */ = {
			isa = XCConfigurationList;
			buildConfigurations = (
				CC43C5FB1CE890370008C469 /* Debug */,
				CC43C5FC1CE890370008C469 /* Release */,
			);
			defaultConfigurationIsVisible = 0;
			defaultConfigurationName = Release;
		};
		CC43C5FD1CE890370008C469 /* Build configuration list for PBXNativeTarget "dev-bootcamp-maps" */ = {
			isa = XCConfigurationList;
			buildConfigurations = (
				CC43C5FE1CE890370008C469 /* Debug */,
				CC43C5FF1CE890370008C469 /* Release */,
			);
			defaultConfigurationIsVisible = 0;
			defaultConfigurationName = Release;
		};
		CC43C6001CE890370008C469 /* Build configuration list for PBXNativeTarget "dev-bootcamp-mapsTests" */ = {
			isa = XCConfigurationList;
			buildConfigurations = (
				CC43C6011CE890370008C469 /* Debug */,
				CC43C6021CE890370008C469 /* Release */,
			);
			defaultConfigurationIsVisible = 0;
			defaultConfigurationName = Release;
		};
		CC43C6031CE890370008C469 /* Build configuration list for PBXNativeTarget "dev-bootcamp-mapsUITests" */ = {
			isa = XCConfigurationList;
			buildConfigurations = (
				CC43C6041CE890370008C469 /* Debug */,
				CC43C6051CE890370008C469 /* Release */,
			);
			defaultConfigurationIsVisible = 0;
			defaultConfigurationName = Release;
		};
/* End XCConfigurationList section */
	};
	rootObject = CC43C5CB1CE890360008C469 /* Project object */;
}
